// !$*UTF8*$!
{
	archiveVersion = 1;
	classes = {
	};
	objectVersion = 50;
	objects = {

/* Begin PBXBuildFile section */
		40A8D0BC3E424BB86F396B16 /* Pods_cryptopricesTests.framework in Frameworks */ = {isa = PBXBuildFile; fileRef = B3EBB6666C1D0442E316C6A3 /* Pods_cryptopricesTests.framework */; };
		503E1A0822AC1481009F1574 /* AppDelegate.swift in Sources */ = {isa = PBXBuildFile; fileRef = 503E1A0722AC1481009F1574 /* AppDelegate.swift */; };
		503E1A0A22AC1481009F1574 /* CurrenciesViewController.swift in Sources */ = {isa = PBXBuildFile; fileRef = 503E1A0922AC1481009F1574 /* CurrenciesViewController.swift */; };
		503E1A0C22AC1481009F1574 /* FavoritesViewController.swift in Sources */ = {isa = PBXBuildFile; fileRef = 503E1A0B22AC1481009F1574 /* FavoritesViewController.swift */; };
		503E1A0F22AC1481009F1574 /* Main.storyboard in Resources */ = {isa = PBXBuildFile; fileRef = 503E1A0D22AC1481009F1574 /* Main.storyboard */; };
		503E1A1122AC1483009F1574 /* Assets.xcassets in Resources */ = {isa = PBXBuildFile; fileRef = 503E1A1022AC1483009F1574 /* Assets.xcassets */; };
		503E1A1422AC1483009F1574 /* LaunchScreen.storyboard in Resources */ = {isa = PBXBuildFile; fileRef = 503E1A1222AC1483009F1574 /* LaunchScreen.storyboard */; };
		503E1A1F22AC1483009F1574 /* cryptopricesTests.swift in Sources */ = {isa = PBXBuildFile; fileRef = 503E1A1E22AC1483009F1574 /* cryptopricesTests.swift */; };
		503E1A2A22AC32F1009F1574 /* CurrencyDetailViewController.swift in Sources */ = {isa = PBXBuildFile; fileRef = 503E1A2922AC32F1009F1574 /* CurrencyDetailViewController.swift */; };
		503E1A3422AC394C009F1574 /* Currency.swift in Sources */ = {isa = PBXBuildFile; fileRef = 503E1A3322AC394C009F1574 /* Currency.swift */; };
		503E1A3722AC3CEF009F1574 /* CurrencyTableViewCell.swift in Sources */ = {isa = PBXBuildFile; fileRef = 503E1A3522AC3CEF009F1574 /* CurrencyTableViewCell.swift */; };
		503E1A3822AC3CEF009F1574 /* CurrencyTableViewCell.xib in Resources */ = {isa = PBXBuildFile; fileRef = 503E1A3622AC3CEF009F1574 /* CurrencyTableViewCell.xib */; };
		503E1A3B22AC56CD009F1574 /* ApiDataService.swift in Sources */ = {isa = PBXBuildFile; fileRef = 503E1A3A22AC56CD009F1574 /* ApiDataService.swift */; };
		503E1A3D22AD0126009F1574 /* CurrencyService.swift in Sources */ = {isa = PBXBuildFile; fileRef = 503E1A3C22AD0126009F1574 /* CurrencyService.swift */; };
		E27FEF8AA346BD6B44FB8BCF /* Pods_cryptoprices.framework in Frameworks */ = {isa = PBXBuildFile; fileRef = 86EC840179B38AD194DC86FD /* Pods_cryptoprices.framework */; };
/* End PBXBuildFile section */

/* Begin PBXContainerItemProxy section */
		503E1A1B22AC1483009F1574 /* PBXContainerItemProxy */ = {
			isa = PBXContainerItemProxy;
			containerPortal = 503E19FC22AC1481009F1574 /* Project object */;
			proxyType = 1;
			remoteGlobalIDString = 503E1A0322AC1481009F1574;
			remoteInfo = cryptoprices;
		};
/* End PBXContainerItemProxy section */

/* Begin PBXFileReference section */
		503E1A0422AC1481009F1574 /* cryptoprices.app */ = {isa = PBXFileReference; explicitFileType = wrapper.application; includeInIndex = 0; path = cryptoprices.app; sourceTree = BUILT_PRODUCTS_DIR; };
		503E1A0722AC1481009F1574 /* AppDelegate.swift */ = {isa = PBXFileReference; lastKnownFileType = sourcecode.swift; path = AppDelegate.swift; sourceTree = "<group>"; };
		503E1A0922AC1481009F1574 /* CurrenciesViewController.swift */ = {isa = PBXFileReference; lastKnownFileType = sourcecode.swift; path = CurrenciesViewController.swift; sourceTree = "<group>"; };
		503E1A0B22AC1481009F1574 /* FavoritesViewController.swift */ = {isa = PBXFileReference; lastKnownFileType = sourcecode.swift; path = FavoritesViewController.swift; sourceTree = "<group>"; };
		503E1A0E22AC1481009F1574 /* Base */ = {isa = PBXFileReference; lastKnownFileType = file.storyboard; name = Base; path = Base.lproj/Main.storyboard; sourceTree = "<group>"; };
		503E1A1022AC1483009F1574 /* Assets.xcassets */ = {isa = PBXFileReference; lastKnownFileType = folder.assetcatalog; path = Assets.xcassets; sourceTree = "<group>"; };
		503E1A1322AC1483009F1574 /* Base */ = {isa = PBXFileReference; lastKnownFileType = file.storyboard; name = Base; path = Base.lproj/LaunchScreen.storyboard; sourceTree = "<group>"; };
		503E1A1522AC1483009F1574 /* Info.plist */ = {isa = PBXFileReference; lastKnownFileType = text.plist.xml; path = Info.plist; sourceTree = "<group>"; };
		503E1A1A22AC1483009F1574 /* cryptopricesTests.xctest */ = {isa = PBXFileReference; explicitFileType = wrapper.cfbundle; includeInIndex = 0; path = cryptopricesTests.xctest; sourceTree = BUILT_PRODUCTS_DIR; };
		503E1A1E22AC1483009F1574 /* cryptopricesTests.swift */ = {isa = PBXFileReference; lastKnownFileType = sourcecode.swift; path = cryptopricesTests.swift; sourceTree = "<group>"; };
		503E1A2022AC1483009F1574 /* Info.plist */ = {isa = PBXFileReference; lastKnownFileType = text.plist.xml; path = Info.plist; sourceTree = "<group>"; };
		503E1A2922AC32F1009F1574 /* CurrencyDetailViewController.swift */ = {isa = PBXFileReference; lastKnownFileType = sourcecode.swift; path = CurrencyDetailViewController.swift; sourceTree = "<group>"; };
		503E1A3322AC394C009F1574 /* Currency.swift */ = {isa = PBXFileReference; lastKnownFileType = sourcecode.swift; path = Currency.swift; sourceTree = "<group>"; };
		503E1A3522AC3CEF009F1574 /* CurrencyTableViewCell.swift */ = {isa = PBXFileReference; lastKnownFileType = sourcecode.swift; path = CurrencyTableViewCell.swift; sourceTree = "<group>"; };
		503E1A3622AC3CEF009F1574 /* CurrencyTableViewCell.xib */ = {isa = PBXFileReference; lastKnownFileType = file.xib; path = CurrencyTableViewCell.xib; sourceTree = "<group>"; };
		503E1A3A22AC56CD009F1574 /* ApiDataService.swift */ = {isa = PBXFileReference; lastKnownFileType = sourcecode.swift; path = ApiDataService.swift; sourceTree = "<group>"; };
		503E1A3C22AD0126009F1574 /* CurrencyService.swift */ = {isa = PBXFileReference; lastKnownFileType = sourcecode.swift; path = CurrencyService.swift; sourceTree = "<group>"; };
		5879EB303B8ECA8FFE096CE4 /* Pods-cryptoprices.debug.xcconfig */ = {isa = PBXFileReference; includeInIndex = 1; lastKnownFileType = text.xcconfig; name = "Pods-cryptoprices.debug.xcconfig"; path = "Pods/Target Support Files/Pods-cryptoprices/Pods-cryptoprices.debug.xcconfig"; sourceTree = "<group>"; };
		723F5113CCFF11E22C44F6A0 /* Pods-cryptopricesTests.debug.xcconfig */ = {isa = PBXFileReference; includeInIndex = 1; lastKnownFileType = text.xcconfig; name = "Pods-cryptopricesTests.debug.xcconfig"; path = "Pods/Target Support Files/Pods-cryptopricesTests/Pods-cryptopricesTests.debug.xcconfig"; sourceTree = "<group>"; };
		86EC840179B38AD194DC86FD /* Pods_cryptoprices.framework */ = {isa = PBXFileReference; explicitFileType = wrapper.framework; includeInIndex = 0; path = Pods_cryptoprices.framework; sourceTree = BUILT_PRODUCTS_DIR; };
		A52D6777F497DC0DEC248D56 /* Pods-cryptopricesTests.release.xcconfig */ = {isa = PBXFileReference; includeInIndex = 1; lastKnownFileType = text.xcconfig; name = "Pods-cryptopricesTests.release.xcconfig"; path = "Pods/Target Support Files/Pods-cryptopricesTests/Pods-cryptopricesTests.release.xcconfig"; sourceTree = "<group>"; };
		B2AE42CCB3EE58EC331FBACD /* Pods-cryptoprices.release.xcconfig */ = {isa = PBXFileReference; includeInIndex = 1; lastKnownFileType = text.xcconfig; name = "Pods-cryptoprices.release.xcconfig"; path = "Pods/Target Support Files/Pods-cryptoprices/Pods-cryptoprices.release.xcconfig"; sourceTree = "<group>"; };
		B3EBB6666C1D0442E316C6A3 /* Pods_cryptopricesTests.framework */ = {isa = PBXFileReference; explicitFileType = wrapper.framework; includeInIndex = 0; path = Pods_cryptopricesTests.framework; sourceTree = BUILT_PRODUCTS_DIR; };
/* End PBXFileReference section */

/* Begin PBXFrameworksBuildPhase section */
		503E1A0122AC1481009F1574 /* Frameworks */ = {
			isa = PBXFrameworksBuildPhase;
			buildActionMask = 2147483647;
			files = (
				E27FEF8AA346BD6B44FB8BCF /* Pods_cryptoprices.framework in Frameworks */,
			);
			runOnlyForDeploymentPostprocessing = 0;
		};
		503E1A1722AC1483009F1574 /* Frameworks */ = {
			isa = PBXFrameworksBuildPhase;
			buildActionMask = 2147483647;
			files = (
				40A8D0BC3E424BB86F396B16 /* Pods_cryptopricesTests.framework in Frameworks */,
			);
			runOnlyForDeploymentPostprocessing = 0;
		};
/* End PBXFrameworksBuildPhase section */

/* Begin PBXGroup section */
		503E19FB22AC1481009F1574 = {
			isa = PBXGroup;
			children = (
				503E1A0622AC1481009F1574 /* cryptoprices */,
				503E1A1D22AC1483009F1574 /* cryptopricesTests */,
				503E1A0522AC1481009F1574 /* Products */,
				615E17735CD1AC2B76FB2662 /* Pods */,
				91F6644339FC239A7F409193 /* Frameworks */,
			);
			sourceTree = "<group>";
		};
		503E1A0522AC1481009F1574 /* Products */ = {
			isa = PBXGroup;
			children = (
				503E1A0422AC1481009F1574 /* cryptoprices.app */,
				503E1A1A22AC1483009F1574 /* cryptopricesTests.xctest */,
			);
			name = Products;
			sourceTree = "<group>";
		};
		503E1A0622AC1481009F1574 /* cryptoprices */ = {
			isa = PBXGroup;
			children = (
				503E1A0722AC1481009F1574 /* AppDelegate.swift */,
				503E1A1022AC1483009F1574 /* Assets.xcassets */,
				503E1A1522AC1483009F1574 /* Info.plist */,
				503E1A2B22AC350F009F1574 /* Models */,
				503E1A2C22AC3518009F1574 /* Views */,
				503E1A2D22AC351E009F1574 /* Controllers */,
				503E1A3922AC56A2009F1574 /* Services */,
				503E1A3022AC3786009F1574 /* Resources */,
			);
			path = cryptoprices;
			sourceTree = "<group>";
		};
		503E1A1D22AC1483009F1574 /* cryptopricesTests */ = {
			isa = PBXGroup;
			children = (
				503E1A1E22AC1483009F1574 /* cryptopricesTests.swift */,
				503E1A2022AC1483009F1574 /* Info.plist */,
			);
			path = cryptopricesTests;
			sourceTree = "<group>";
		};
		503E1A2B22AC350F009F1574 /* Models */ = {
			isa = PBXGroup;
			children = (
				503E1A3322AC394C009F1574 /* Currency.swift */,
			);
			path = Models;
			sourceTree = "<group>";
		};
		503E1A2C22AC3518009F1574 /* Views */ = {
			isa = PBXGroup;
			children = (
				503E1A3122AC37C6009F1574 /* Cells */,
			);
			path = Views;
			sourceTree = "<group>";
		};
		503E1A2D22AC351E009F1574 /* Controllers */ = {
			isa = PBXGroup;
			children = (
				503E1A0922AC1481009F1574 /* CurrenciesViewController.swift */,
				503E1A2922AC32F1009F1574 /* CurrencyDetailViewController.swift */,
				503E1A0B22AC1481009F1574 /* FavoritesViewController.swift */,
			);
			path = Controllers;
			sourceTree = "<group>";
		};
		503E1A3022AC3786009F1574 /* Resources */ = {
			isa = PBXGroup;
			children = (
				503E1A0D22AC1481009F1574 /* Main.storyboard */,
				503E1A1222AC1483009F1574 /* LaunchScreen.storyboard */,
			);
			path = Resources;
			sourceTree = "<group>";
		};
		503E1A3122AC37C6009F1574 /* Cells */ = {
			isa = PBXGroup;
			children = (
				503E1A3522AC3CEF009F1574 /* CurrencyTableViewCell.swift */,
				503E1A3622AC3CEF009F1574 /* CurrencyTableViewCell.xib */,
			);
			path = Cells;
			sourceTree = "<group>";
		};
		503E1A3922AC56A2009F1574 /* Services */ = {
			isa = PBXGroup;
			children = (
				503E1A3A22AC56CD009F1574 /* ApiDataService.swift */,
				503E1A3C22AD0126009F1574 /* CurrencyService.swift */,
			);
			path = Services;
			sourceTree = "<group>";
		};
		615E17735CD1AC2B76FB2662 /* Pods */ = {
			isa = PBXGroup;
			children = (
				5879EB303B8ECA8FFE096CE4 /* Pods-cryptoprices.debug.xcconfig */,
				B2AE42CCB3EE58EC331FBACD /* Pods-cryptoprices.release.xcconfig */,
				723F5113CCFF11E22C44F6A0 /* Pods-cryptopricesTests.debug.xcconfig */,
				A52D6777F497DC0DEC248D56 /* Pods-cryptopricesTests.release.xcconfig */,
			);
			name = Pods;
			sourceTree = "<group>";
		};
		91F6644339FC239A7F409193 /* Frameworks */ = {
			isa = PBXGroup;
			children = (
				86EC840179B38AD194DC86FD /* Pods_cryptoprices.framework */,
				B3EBB6666C1D0442E316C6A3 /* Pods_cryptopricesTests.framework */,
			);
			name = Frameworks;
			sourceTree = "<group>";
		};
/* End PBXGroup section */

/* Begin PBXNativeTarget section */
		503E1A0322AC1481009F1574 /* cryptoprices */ = {
			isa = PBXNativeTarget;
			buildConfigurationList = 503E1A2322AC1483009F1574 /* Build configuration list for PBXNativeTarget "cryptoprices" */;
			buildPhases = (
				FF968A6FB88197132CAB12F7 /* [CP] Check Pods Manifest.lock */,
				503E1A0022AC1481009F1574 /* Sources */,
				503E1A0122AC1481009F1574 /* Frameworks */,
				503E1A0222AC1481009F1574 /* Resources */,
				978053A70910206A996A0BE3 /* [CP] Embed Pods Frameworks */,
			);
			buildRules = (
			);
			dependencies = (
			);
			name = cryptoprices;
			productName = cryptoprices;
			productReference = 503E1A0422AC1481009F1574 /* cryptoprices.app */;
			productType = "com.apple.product-type.application";
		};
		503E1A1922AC1483009F1574 /* cryptopricesTests */ = {
			isa = PBXNativeTarget;
			buildConfigurationList = 503E1A2622AC1483009F1574 /* Build configuration list for PBXNativeTarget "cryptopricesTests" */;
			buildPhases = (
				B3E4ADAC5ECF2FA3992F0C0B /* [CP] Check Pods Manifest.lock */,
				503E1A1622AC1483009F1574 /* Sources */,
				503E1A1722AC1483009F1574 /* Frameworks */,
				503E1A1822AC1483009F1574 /* Resources */,
			);
			buildRules = (
			);
			dependencies = (
				503E1A1C22AC1483009F1574 /* PBXTargetDependency */,
			);
			name = cryptopricesTests;
			productName = cryptopricesTests;
			productReference = 503E1A1A22AC1483009F1574 /* cryptopricesTests.xctest */;
			productType = "com.apple.product-type.bundle.unit-test";
		};
/* End PBXNativeTarget section */

/* Begin PBXProject section */
		503E19FC22AC1481009F1574 /* Project object */ = {
			isa = PBXProject;
			attributes = {
				LastSwiftUpdateCheck = 1020;
				LastUpgradeCheck = 1020;
				ORGANIZATIONNAME = itemius;
				TargetAttributes = {
					503E1A0322AC1481009F1574 = {
						CreatedOnToolsVersion = 10.2.1;
					};
					503E1A1922AC1483009F1574 = {
						CreatedOnToolsVersion = 10.2.1;
						TestTargetID = 503E1A0322AC1481009F1574;
					};
				};
			};
			buildConfigurationList = 503E19FF22AC1481009F1574 /* Build configuration list for PBXProject "cryptoprices" */;
			compatibilityVersion = "Xcode 9.3";
			developmentRegion = en;
			hasScannedForEncodings = 0;
			knownRegions = (
				en,
				Base,
			);
			mainGroup = 503E19FB22AC1481009F1574;
			productRefGroup = 503E1A0522AC1481009F1574 /* Products */;
			projectDirPath = "";
			projectRoot = "";
			targets = (
				503E1A0322AC1481009F1574 /* cryptoprices */,
				503E1A1922AC1483009F1574 /* cryptopricesTests */,
			);
		};
/* End PBXProject section */

/* Begin PBXResourcesBuildPhase section */
		503E1A0222AC1481009F1574 /* Resources */ = {
			isa = PBXResourcesBuildPhase;
			buildActionMask = 2147483647;
			files = (
				503E1A3822AC3CEF009F1574 /* CurrencyTableViewCell.xib in Resources */,
				503E1A1422AC1483009F1574 /* LaunchScreen.storyboard in Resources */,
				503E1A1122AC1483009F1574 /* Assets.xcassets in Resources */,
				503E1A0F22AC1481009F1574 /* Main.storyboard in Resources */,
			);
			runOnlyForDeploymentPostprocessing = 0;
		};
		503E1A1822AC1483009F1574 /* Resources */ = {
			isa = PBXResourcesBuildPhase;
			buildActionMask = 2147483647;
			files = (
			);
			runOnlyForDeploymentPostprocessing = 0;
		};
/* End PBXResourcesBuildPhase section */

/* Begin PBXShellScriptBuildPhase section */
		978053A70910206A996A0BE3 /* [CP] Embed Pods Frameworks */ = {
			isa = PBXShellScriptBuildPhase;
			buildActionMask = 2147483647;
			files = (
			);
			inputPaths = (
				"${SRCROOT}/Pods/Target Support Files/Pods-cryptoprices/Pods-cryptoprices-frameworks.sh",
				"${BUILT_PRODUCTS_DIR}/Alamofire/Alamofire.framework",
				"${BUILT_PRODUCTS_DIR}/MBProgressHUD/MBProgressHUD.framework",
				"${BUILT_PRODUCTS_DIR}/SwiftyJSON/SwiftyJSON.framework",
			);
			name = "[CP] Embed Pods Frameworks";
			outputPaths = (
				"${TARGET_BUILD_DIR}/${FRAMEWORKS_FOLDER_PATH}/Alamofire.framework",
				"${TARGET_BUILD_DIR}/${FRAMEWORKS_FOLDER_PATH}/MBProgressHUD.framework",
				"${TARGET_BUILD_DIR}/${FRAMEWORKS_FOLDER_PATH}/SwiftyJSON.framework",
			);
			runOnlyForDeploymentPostprocessing = 0;
			shellPath = /bin/sh;
			shellScript = "\"${SRCROOT}/Pods/Target Support Files/Pods-cryptoprices/Pods-cryptoprices-frameworks.sh\"\n";
			showEnvVarsInLog = 0;
		};
		B3E4ADAC5ECF2FA3992F0C0B /* [CP] Check Pods Manifest.lock */ = {
			isa = PBXShellScriptBuildPhase;
			buildActionMask = 2147483647;
			files = (
			);
			inputPaths = (
				"${PODS_PODFILE_DIR_PATH}/Podfile.lock",
				"${PODS_ROOT}/Manifest.lock",
			);
			name = "[CP] Check Pods Manifest.lock";
			outputPaths = (
				"$(DERIVED_FILE_DIR)/Pods-cryptopricesTests-checkManifestLockResult.txt",
			);
			runOnlyForDeploymentPostprocessing = 0;
			shellPath = /bin/sh;
			shellScript = "diff \"${PODS_PODFILE_DIR_PATH}/Podfile.lock\" \"${PODS_ROOT}/Manifest.lock\" > /dev/null\nif [ $? != 0 ] ; then\n    # print error to STDERR\n    echo \"error: The sandbox is not in sync with the Podfile.lock. Run 'pod install' or update your CocoaPods installation.\" >&2\n    exit 1\nfi\n# This output is used by Xcode 'outputs' to avoid re-running this script phase.\necho \"SUCCESS\" > \"${SCRIPT_OUTPUT_FILE_0}\"\n";
			showEnvVarsInLog = 0;
		};
		FF968A6FB88197132CAB12F7 /* [CP] Check Pods Manifest.lock */ = {
			isa = PBXShellScriptBuildPhase;
			buildActionMask = 2147483647;
			files = (
			);
			inputPaths = (
				"${PODS_PODFILE_DIR_PATH}/Podfile.lock",
				"${PODS_ROOT}/Manifest.lock",
			);
			name = "[CP] Check Pods Manifest.lock";
			outputPaths = (
				"$(DERIVED_FILE_DIR)/Pods-cryptoprices-checkManifestLockResult.txt",
			);
			runOnlyForDeploymentPostprocessing = 0;
			shellPath = /bin/sh;
			shellScript = "diff \"${PODS_PODFILE_DIR_PATH}/Podfile.lock\" \"${PODS_ROOT}/Manifest.lock\" > /dev/null\nif [ $? != 0 ] ; then\n    # print error to STDERR\n    echo \"error: The sandbox is not in sync with the Podfile.lock. Run 'pod install' or update your CocoaPods installation.\" >&2\n    exit 1\nfi\n# This output is used by Xcode 'outputs' to avoid re-running this script phase.\necho \"SUCCESS\" > \"${SCRIPT_OUTPUT_FILE_0}\"\n";
			showEnvVarsInLog = 0;
		};
/* End PBXShellScriptBuildPhase section */

/* Begin PBXSourcesBuildPhase section */
		503E1A0022AC1481009F1574 /* Sources */ = {
			isa = PBXSourcesBuildPhase;
			buildActionMask = 2147483647;
			files = (
				503E1A3B22AC56CD009F1574 /* ApiDataService.swift in Sources */,
				503E1A0C22AC1481009F1574 /* FavoritesViewController.swift in Sources */,
				503E1A3422AC394C009F1574 /* Currency.swift in Sources */,
				503E1A0822AC1481009F1574 /* AppDelegate.swift in Sources */,
				503E1A3D22AD0126009F1574 /* CurrencyService.swift in Sources */,
				503E1A2A22AC32F1009F1574 /* CurrencyDetailViewController.swift in Sources */,
				503E1A3722AC3CEF009F1574 /* CurrencyTableViewCell.swift in Sources */,
				503E1A0A22AC1481009F1574 /* CurrenciesViewController.swift in Sources */,
			);
			runOnlyForDeploymentPostprocessing = 0;
		};
		503E1A1622AC1483009F1574 /* Sources */ = {
			isa = PBXSourcesBuildPhase;
			buildActionMask = 2147483647;
			files = (
				503E1A1F22AC1483009F1574 /* cryptopricesTests.swift in Sources */,
			);
			runOnlyForDeploymentPostprocessing = 0;
		};
/* End PBXSourcesBuildPhase section */

/* Begin PBXTargetDependency section */
		503E1A1C22AC1483009F1574 /* PBXTargetDependency */ = {
			isa = PBXTargetDependency;
			target = 503E1A0322AC1481009F1574 /* cryptoprices */;
			targetProxy = 503E1A1B22AC1483009F1574 /* PBXContainerItemProxy */;
		};
/* End PBXTargetDependency section */

/* Begin PBXVariantGroup section */
		503E1A0D22AC1481009F1574 /* Main.storyboard */ = {
			isa = PBXVariantGroup;
			children = (
				503E1A0E22AC1481009F1574 /* Base */,
			);
			name = Main.storyboard;
			sourceTree = "<group>";
		};
		503E1A1222AC1483009F1574 /* LaunchScreen.storyboard */ = {
			isa = PBXVariantGroup;
			children = (
				503E1A1322AC1483009F1574 /* Base */,
			);
			name = LaunchScreen.storyboard;
			sourceTree = "<group>";
		};
/* End PBXVariantGroup section */

/* Begin XCBuildConfiguration section */
		503E1A2122AC1483009F1574 /* Debug */ = {
			isa = XCBuildConfiguration;
			buildSettings = {
				ALWAYS_SEARCH_USER_PATHS = NO;
				CLANG_ANALYZER_NONNULL = YES;
				CLANG_ANALYZER_NUMBER_OBJECT_CONVERSION = YES_AGGRESSIVE;
				CLANG_CXX_LANGUAGE_STANDARD = "gnu++14";
				CLANG_CXX_LIBRARY = "libc++";
				CLANG_ENABLE_MODULES = YES;
				CLANG_ENABLE_OBJC_ARC = YES;
				CLANG_ENABLE_OBJC_WEAK = YES;
				CLANG_WARN_BLOCK_CAPTURE_AUTORELEASING = YES;
				CLANG_WARN_BOOL_CONVERSION = YES;
				CLANG_WARN_COMMA = YES;
				CLANG_WARN_CONSTANT_CONVERSION = YES;
				CLANG_WARN_DEPRECATED_OBJC_IMPLEMENTATIONS = YES;
				CLANG_WARN_DIRECT_OBJC_ISA_USAGE = YES_ERROR;
				CLANG_WARN_DOCUMENTATION_COMMENTS = YES;
				CLANG_WARN_EMPTY_BODY = YES;
				CLANG_WARN_ENUM_CONVERSION = YES;
				CLANG_WARN_INFINITE_RECURSION = YES;
				CLANG_WARN_INT_CONVERSION = YES;
				CLANG_WARN_NON_LITERAL_NULL_CONVERSION = YES;
				CLANG_WARN_OBJC_IMPLICIT_RETAIN_SELF = YES;
				CLANG_WARN_OBJC_LITERAL_CONVERSION = YES;
				CLANG_WARN_OBJC_ROOT_CLASS = YES_ERROR;
				CLANG_WARN_RANGE_LOOP_ANALYSIS = YES;
				CLANG_WARN_STRICT_PROTOTYPES = YES;
				CLANG_WARN_SUSPICIOUS_MOVE = YES;
				CLANG_WARN_UNGUARDED_AVAILABILITY = YES_AGGRESSIVE;
				CLANG_WARN_UNREACHABLE_CODE = YES;
				CLANG_WARN__DUPLICATE_METHOD_MATCH = YES;
				CODE_SIGN_IDENTITY = "iPhone Developer";
				COPY_PHASE_STRIP = NO;
				DEBUG_INFORMATION_FORMAT = dwarf;
				ENABLE_STRICT_OBJC_MSGSEND = YES;
				ENABLE_TESTABILITY = YES;
				GCC_C_LANGUAGE_STANDARD = gnu11;
				GCC_DYNAMIC_NO_PIC = NO;
				GCC_NO_COMMON_BLOCKS = YES;
				GCC_OPTIMIZATION_LEVEL = 0;
				GCC_PREPROCESSOR_DEFINITIONS = (
					"DEBUG=1",
					"$(inherited)",
				);
				GCC_WARN_64_TO_32_BIT_CONVERSION = YES;
				GCC_WARN_ABOUT_RETURN_TYPE = YES_ERROR;
				GCC_WARN_UNDECLARED_SELECTOR = YES;
				GCC_WARN_UNINITIALIZED_AUTOS = YES_AGGRESSIVE;
				GCC_WARN_UNUSED_FUNCTION = YES;
				GCC_WARN_UNUSED_VARIABLE = YES;
				IPHONEOS_DEPLOYMENT_TARGET = 12.2;
				MTL_ENABLE_DEBUG_INFO = INCLUDE_SOURCE;
				MTL_FAST_MATH = YES;
				ONLY_ACTIVE_ARCH = YES;
				SDKROOT = iphoneos;
				SWIFT_ACTIVE_COMPILATION_CONDITIONS = DEBUG;
				SWIFT_OPTIMIZATION_LEVEL = "-Onone";
			};
			name = Debug;
		};
		503E1A2222AC1483009F1574 /* Release */ = {
			isa = XCBuildConfiguration;
			buildSettings = {
				ALWAYS_SEARCH_USER_PATHS = NO;
				CLANG_ANALYZER_NONNULL = YES;
				CLANG_ANALYZER_NUMBER_OBJECT_CONVERSION = YES_AGGRESSIVE;
				CLANG_CXX_LANGUAGE_STANDARD = "gnu++14";
				CLANG_CXX_LIBRARY = "libc++";
				CLANG_ENABLE_MODULES = YES;
				CLANG_ENABLE_OBJC_ARC = YES;
				CLANG_ENABLE_OBJC_WEAK = YES;
				CLANG_WARN_BLOCK_CAPTURE_AUTORELEASING = YES;
				CLANG_WARN_BOOL_CONVERSION = YES;
				CLANG_WARN_COMMA = YES;
				CLANG_WARN_CONSTANT_CONVERSION = YES;
				CLANG_WARN_DEPRECATED_OBJC_IMPLEMENTATIONS = YES;
				CLANG_WARN_DIRECT_OBJC_ISA_USAGE = YES_ERROR;
				CLANG_WARN_DOCUMENTATION_COMMENTS = YES;
				CLANG_WARN_EMPTY_BODY = YES;
				CLANG_WARN_ENUM_CONVERSION = YES;
				CLANG_WARN_INFINITE_RECURSION = YES;
				CLANG_WARN_INT_CONVERSION = YES;
				CLANG_WARN_NON_LITERAL_NULL_CONVERSION = YES;
				CLANG_WARN_OBJC_IMPLICIT_RETAIN_SELF = YES;
				CLANG_WARN_OBJC_LITERAL_CONVERSION = YES;
				CLANG_WARN_OBJC_ROOT_CLASS = YES_ERROR;
				CLANG_WARN_RANGE_LOOP_ANALYSIS = YES;
				CLANG_WARN_STRICT_PROTOTYPES = YES;
				CLANG_WARN_SUSPICIOUS_MOVE = YES;
				CLANG_WARN_UNGUARDED_AVAILABILITY = YES_AGGRESSIVE;
				CLANG_WARN_UNREACHABLE_CODE = YES;
				CLANG_WARN__DUPLICATE_METHOD_MATCH = YES;
				CODE_SIGN_IDENTITY = "iPhone Developer";
				COPY_PHASE_STRIP = NO;
				DEBUG_INFORMATION_FORMAT = "dwarf-with-dsym";
				ENABLE_NS_ASSERTIONS = NO;
				ENABLE_STRICT_OBJC_MSGSEND = YES;
				GCC_C_LANGUAGE_STANDARD = gnu11;
				GCC_NO_COMMON_BLOCKS = YES;
				GCC_WARN_64_TO_32_BIT_CONVERSION = YES;
				GCC_WARN_ABOUT_RETURN_TYPE = YES_ERROR;
				GCC_WARN_UNDECLARED_SELECTOR = YES;
				GCC_WARN_UNINITIALIZED_AUTOS = YES_AGGRESSIVE;
				GCC_WARN_UNUSED_FUNCTION = YES;
				GCC_WARN_UNUSED_VARIABLE = YES;
				IPHONEOS_DEPLOYMENT_TARGET = 12.2;
				MTL_ENABLE_DEBUG_INFO = NO;
				MTL_FAST_MATH = YES;
				SDKROOT = iphoneos;
				SWIFT_COMPILATION_MODE = wholemodule;
				SWIFT_OPTIMIZATION_LEVEL = "-O";
				VALIDATE_PRODUCT = YES;
			};
			name = Release;
		};
		503E1A2422AC1483009F1574 /* Debug */ = {
			isa = XCBuildConfiguration;
			baseConfigurationReference = 5879EB303B8ECA8FFE096CE4 /* Pods-cryptoprices.debug.xcconfig */;
			buildSettings = {
				ASSETCATALOG_COMPILER_APPICON_NAME = AppIcon;
				CODE_SIGN_STYLE = Automatic;
				DEVELOPMENT_TEAM = JPMCQ7X6AU;
				INFOPLIST_FILE = cryptoprices/Info.plist;
				LD_RUNPATH_SEARCH_PATHS = (
					"$(inherited)",
					"@executable_path/Frameworks",
				);
				PRODUCT_BUNDLE_IDENTIFIER = info.itemius.cryptoprices;
				PRODUCT_NAME = "$(TARGET_NAME)";
				SWIFT_VERSION = 5.0;
				TARGETED_DEVICE_FAMILY = "1,2";
			};
			name = Debug;
		};
		503E1A2522AC1483009F1574 /* Release */ = {
			isa = XCBuildConfiguration;
			baseConfigurationReference = B2AE42CCB3EE58EC331FBACD /* Pods-cryptoprices.release.xcconfig */;
			buildSettings = {
				ASSETCATALOG_COMPILER_APPICON_NAME = AppIcon;
				CODE_SIGN_STYLE = Automatic;
				DEVELOPMENT_TEAM = JPMCQ7X6AU;
				INFOPLIST_FILE = cryptoprices/Info.plist;
				LD_RUNPATH_SEARCH_PATHS = (
					"$(inherited)",
					"@executable_path/Frameworks",
				);
				PRODUCT_BUNDLE_IDENTIFIER = info.itemius.cryptoprices;
				PRODUCT_NAME = "$(TARGET_NAME)";
				SWIFT_VERSION = 5.0;
				TARGETED_DEVICE_FAMILY = "1,2";
			};
			name = Release;
		};
		503E1A2722AC1483009F1574 /* Debug */ = {
			isa = XCBuildConfiguration;
			baseConfigurationReference = 723F5113CCFF11E22C44F6A0 /* Pods-cryptopricesTests.debug.xcconfig */;
			buildSettings = {
				ALWAYS_EMBED_SWIFT_STANDARD_LIBRARIES = YES;
				BUNDLE_LOADER = "$(TEST_HOST)";
				CODE_SIGN_STYLE = Automatic;
				DEVELOPMENT_TEAM = JPMCQ7X6AU;
				INFOPLIST_FILE = cryptopricesTests/Info.plist;
				LD_RUNPATH_SEARCH_PATHS = (
					"$(inherited)",
					"@executable_path/Frameworks",
					"@loader_path/Frameworks",
				);
				PRODUCT_BUNDLE_IDENTIFIER = info.itemius.cryptopricesTests;
				PRODUCT_NAME = "$(TARGET_NAME)";
				SWIFT_VERSION = 5.0;
				TARGETED_DEVICE_FAMILY = "1,2";
				TEST_HOST = "$(BUILT_PRODUCTS_DIR)/cryptoprices.app/cryptoprices";
			};
			name = Debug;
		};
		503E1A2822AC1483009F1574 /* Release */ = {
			isa = XCBuildConfiguration;
			baseConfigurationReference = A52D6777F497DC0DEC248D56 /* Pods-cryptopricesTests.release.xcconfig */;
			buildSettings = {
				ALWAYS_EMBED_SWIFT_STANDARD_LIBRARIES = YES;
				BUNDLE_LOADER = "$(TEST_HOST)";
				CODE_SIGN_STYLE = Automatic;
				DEVELOPMENT_TEAM = JPMCQ7X6AU;
				INFOPLIST_FILE = cryptopricesTests/Info.plist;
				LD_RUNPATH_SEARCH_PATHS = (
					"$(inherited)",
					"@executable_path/Frameworks",
					"@loader_path/Frameworks",
				);
				PRODUCT_BUNDLE_IDENTIFIER = info.itemius.cryptopricesTests;
				PRODUCT_NAME = "$(TARGET_NAME)";
				SWIFT_VERSION = 5.0;
				TARGETED_DEVICE_FAMILY = "1,2";
				TEST_HOST = "$(BUILT_PRODUCTS_DIR)/cryptoprices.app/cryptoprices";
			};
			name = Release;
		};
/* End XCBuildConfiguration section */

/* Begin XCConfigurationList section */
		503E19FF22AC1481009F1574 /* Build configuration list for PBXProject "cryptoprices" */ = {
			isa = XCConfigurationList;
			buildConfigurations = (
				503E1A2122AC1483009F1574 /* Debug */,
				503E1A2222AC1483009F1574 /* Release */,
			);
			defaultConfigurationIsVisible = 0;
			defaultConfigurationName = Release;
		};
		503E1A2322AC1483009F1574 /* Build configuration list for PBXNativeTarget "cryptoprices" */ = {
			isa = XCConfigurationList;
			buildConfigurations = (
				503E1A2422AC1483009F1574 /* Debug */,
				503E1A2522AC1483009F1574 /* Release */,
			);
			defaultConfigurationIsVisible = 0;
			defaultConfigurationName = Release;
		};
		503E1A2622AC1483009F1574 /* Build configuration list for PBXNativeTarget "cryptopricesTests" */ = {
			isa = XCConfigurationList;
			buildConfigurations = (
				503E1A2722AC1483009F1574 /* Debug */,
				503E1A2822AC1483009F1574 /* Release */,
			);
			defaultConfigurationIsVisible = 0;
			defaultConfigurationName = Release;
		};
/* End XCConfigurationList section */
	};
	rootObject = 503E19FC22AC1481009F1574 /* Project object */;
}
